// !$*UTF8*$!
{
	archiveVersion = 1;
	classes = {
	};
	objectVersion = 46;
	objects = {

/* Begin PBXBuildFile section */
		AA273F401F03D1B2006923A6 /* AppDelegate.swift in Sources */ = {isa = PBXBuildFile; fileRef = AA273F3F1F03D1B2006923A6 /* AppDelegate.swift */; };
		AA273F421F03D1B2006923A6 /* ViewController.swift in Sources */ = {isa = PBXBuildFile; fileRef = AA273F411F03D1B2006923A6 /* ViewController.swift */; };
		AA273F451F03D1B2006923A6 /* Main.storyboard in Resources */ = {isa = PBXBuildFile; fileRef = AA273F431F03D1B2006923A6 /* Main.storyboard */; };
		AA273F471F03D1B2006923A6 /* Assets.xcassets in Resources */ = {isa = PBXBuildFile; fileRef = AA273F461F03D1B2006923A6 /* Assets.xcassets */; };
		AA273F4A1F03D1B2006923A6 /* LaunchScreen.storyboard in Resources */ = {isa = PBXBuildFile; fileRef = AA273F481F03D1B2006923A6 /* LaunchScreen.storyboard */; };
		AA273F551F03D1B2006923A6 /* QuizTests.swift in Sources */ = {isa = PBXBuildFile; fileRef = AA273F541F03D1B2006923A6 /* QuizTests.swift */; };
		AA273F601F03D1B2006923A6 /* QuizUITests.swift in Sources */ = {isa = PBXBuildFile; fileRef = AA273F5F1F03D1B2006923A6 /* QuizUITests.swift */; };
/* End PBXBuildFile section */

/* Begin PBXContainerItemProxy section */
		AA273F511F03D1B2006923A6 /* PBXContainerItemProxy */ = {
			isa = PBXContainerItemProxy;
			containerPortal = AA273F341F03D1B2006923A6 /* Project object */;
			proxyType = 1;
			remoteGlobalIDString = AA273F3B1F03D1B2006923A6;
			remoteInfo = Quiz;
		};
		AA273F5C1F03D1B2006923A6 /* PBXContainerItemProxy */ = {
			isa = PBXContainerItemProxy;
			containerPortal = AA273F341F03D1B2006923A6 /* Project object */;
			proxyType = 1;
			remoteGlobalIDString = AA273F3B1F03D1B2006923A6;
			remoteInfo = Quiz;
		};
/* End PBXContainerItemProxy section */

/* Begin PBXFileReference section */
		AA273F3C1F03D1B2006923A6 /* Quiz.app */ = {isa = PBXFileReference; explicitFileType = wrapper.application; includeInIndex = 0; path = Quiz.app; sourceTree = BUILT_PRODUCTS_DIR; };
		AA273F3F1F03D1B2006923A6 /* AppDelegate.swift */ = {isa = PBXFileReference; lastKnownFileType = sourcecode.swift; path = AppDelegate.swift; sourceTree = "<group>"; };
		AA273F411F03D1B2006923A6 /* ViewController.swift */ = {isa = PBXFileReference; lastKnownFileType = sourcecode.swift; path = ViewController.swift; sourceTree = "<group>"; };
		AA273F441F03D1B2006923A6 /* Base */ = {isa = PBXFileReference; lastKnownFileType = file.storyboard; name = Base; path = Base.lproj/Main.storyboard; sourceTree = "<group>"; };
		AA273F461F03D1B2006923A6 /* Assets.xcassets */ = {isa = PBXFileReference; lastKnownFileType = folder.assetcatalog; path = Assets.xcassets; sourceTree = "<group>"; };
		AA273F491F03D1B2006923A6 /* Base */ = {isa = PBXFileReference; lastKnownFileType = file.storyboard; name = Base; path = Base.lproj/LaunchScreen.storyboard; sourceTree = "<group>"; };
		AA273F4B1F03D1B2006923A6 /* Info.plist */ = {isa = PBXFileReference; lastKnownFileType = text.plist.xml; path = Info.plist; sourceTree = "<group>"; };
		AA273F501F03D1B2006923A6 /* QuizTests.xctest */ = {isa = PBXFileReference; explicitFileType = wrapper.cfbundle; includeInIndex = 0; path = QuizTests.xctest; sourceTree = BUILT_PRODUCTS_DIR; };
		AA273F541F03D1B2006923A6 /* QuizTests.swift */ = {isa = PBXFileReference; lastKnownFileType = sourcecode.swift; path = QuizTests.swift; sourceTree = "<group>"; };
		AA273F561F03D1B2006923A6 /* Info.plist */ = {isa = PBXFileReference; lastKnownFileType = text.plist.xml; path = Info.plist; sourceTree = "<group>"; };
		AA273F5B1F03D1B2006923A6 /* QuizUITests.xctest */ = {isa = PBXFileReference; explicitFileType = wrapper.cfbundle; includeInIndex = 0; path = QuizUITests.xctest; sourceTree = BUILT_PRODUCTS_DIR; };
		AA273F5F1F03D1B2006923A6 /* QuizUITests.swift */ = {isa = PBXFileReference; lastKnownFileType = sourcecode.swift; path = QuizUITests.swift; sourceTree = "<group>"; };
		AA273F611F03D1B2006923A6 /* Info.plist */ = {isa = PBXFileReference; lastKnownFileType = text.plist.xml; path = Info.plist; sourceTree = "<group>"; };
/* End PBXFileReference section */

/* Begin PBXFrameworksBuildPhase section */
		AA273F391F03D1B2006923A6 /* Frameworks */ = {
			isa = PBXFrameworksBuildPhase;
			buildActionMask = 2147483647;
			files = (
			);
			runOnlyForDeploymentPostprocessing = 0;
		};
		AA273F4D1F03D1B2006923A6 /* Frameworks */ = {
			isa = PBXFrameworksBuildPhase;
			buildActionMask = 2147483647;
			files = (
			);
			runOnlyForDeploymentPostprocessing = 0;
		};
		AA273F581F03D1B2006923A6 /* Frameworks */ = {
			isa = PBXFrameworksBuildPhase;
			buildActionMask = 2147483647;
			files = (
			);
			runOnlyForDeploymentPostprocessing = 0;
		};
/* End PBXFrameworksBuildPhase section */

/* Begin PBXGroup section */
		AA273F331F03D1B2006923A6 = {
			isa = PBXGroup;
			children = (
				AA273F3E1F03D1B2006923A6 /* Quiz */,
				AA273F531F03D1B2006923A6 /* QuizTests */,
				AA273F5E1F03D1B2006923A6 /* QuizUITests */,
				AA273F3D1F03D1B2006923A6 /* Products */,
			);
			sourceTree = "<group>";
		};
		AA273F3D1F03D1B2006923A6 /* Products */ = {
			isa = PBXGroup;
			children = (
				AA273F3C1F03D1B2006923A6 /* Quiz.app */,
				AA273F501F03D1B2006923A6 /* QuizTests.xctest */,
				AA273F5B1F03D1B2006923A6 /* QuizUITests.xctest */,
			);
			name = Products;
			sourceTree = "<group>";
		};
		AA273F3E1F03D1B2006923A6 /* Quiz */ = {
			isa = PBXGroup;
			children = (
				AA273F3F1F03D1B2006923A6 /* AppDelegate.swift */,
				AA273F411F03D1B2006923A6 /* ViewController.swift */,
				AA273F431F03D1B2006923A6 /* Main.storyboard */,
				AA273F461F03D1B2006923A6 /* Assets.xcassets */,
				AA273F481F03D1B2006923A6 /* LaunchScreen.storyboard */,
				AA273F4B1F03D1B2006923A6 /* Info.plist */,
			);
			path = Quiz;
			sourceTree = "<group>";
		};
		AA273F531F03D1B2006923A6 /* QuizTests */ = {
			isa = PBXGroup;
			children = (
				AA273F541F03D1B2006923A6 /* QuizTests.swift */,
				AA273F561F03D1B2006923A6 /* Info.plist */,
			);
			path = QuizTests;
			sourceTree = "<group>";
		};
		AA273F5E1F03D1B2006923A6 /* QuizUITests */ = {
			isa = PBXGroup;
			children = (
				AA273F5F1F03D1B2006923A6 /* QuizUITests.swift */,
				AA273F611F03D1B2006923A6 /* Info.plist */,
			);
			path = QuizUITests;
			sourceTree = "<group>";
		};
/* End PBXGroup section */

/* Begin PBXNativeTarget section */
		AA273F3B1F03D1B2006923A6 /* Quiz */ = {
			isa = PBXNativeTarget;
			buildConfigurationList = AA273F641F03D1B2006923A6 /* Build configuration list for PBXNativeTarget "Quiz" */;
			buildPhases = (
				AA273F381F03D1B2006923A6 /* Sources */,
				AA273F391F03D1B2006923A6 /* Frameworks */,
				AA273F3A1F03D1B2006923A6 /* Resources */,
			);
			buildRules = (
			);
			dependencies = (
			);
			name = Quiz;
			productName = Quiz;
			productReference = AA273F3C1F03D1B2006923A6 /* Quiz.app */;
			productType = "com.apple.product-type.application";
		};
		AA273F4F1F03D1B2006923A6 /* QuizTests */ = {
			isa = PBXNativeTarget;
			buildConfigurationList = AA273F671F03D1B2006923A6 /* Build configuration list for PBXNativeTarget "QuizTests" */;
			buildPhases = (
				AA273F4C1F03D1B2006923A6 /* Sources */,
				AA273F4D1F03D1B2006923A6 /* Frameworks */,
				AA273F4E1F03D1B2006923A6 /* Resources */,
			);
			buildRules = (
			);
			dependencies = (
				AA273F521F03D1B2006923A6 /* PBXTargetDependency */,
			);
			name = QuizTests;
			productName = QuizTests;
			productReference = AA273F501F03D1B2006923A6 /* QuizTests.xctest */;
			productType = "com.apple.product-type.bundle.unit-test";
		};
		AA273F5A1F03D1B2006923A6 /* QuizUITests */ = {
			isa = PBXNativeTarget;
			buildConfigurationList = AA273F6A1F03D1B2006923A6 /* Build configuration list for PBXNativeTarget "QuizUITests" */;
			buildPhases = (
				AA273F571F03D1B2006923A6 /* Sources */,
				AA273F581F03D1B2006923A6 /* Frameworks */,
				AA273F591F03D1B2006923A6 /* Resources */,
			);
			buildRules = (
			);
			dependencies = (
				AA273F5D1F03D1B2006923A6 /* PBXTargetDependency */,
			);
			name = QuizUITests;
			productName = QuizUITests;
			productReference = AA273F5B1F03D1B2006923A6 /* QuizUITests.xctest */;
			productType = "com.apple.product-type.bundle.ui-testing";
		};
/* End PBXNativeTarget section */

/* Begin PBXProject section */
		AA273F341F03D1B2006923A6 /* Project object */ = {
			isa = PBXProject;
			attributes = {
				LastSwiftUpdateCheck = 0830;
				LastUpgradeCheck = 0830;
				ORGANIZATIONNAME = seoju;
				TargetAttributes = {
					AA273F3B1F03D1B2006923A6 = {
						CreatedOnToolsVersion = 8.3.3;
						DevelopmentTeam = 3D2GFZ7CZT;
						ProvisioningStyle = Automatic;
					};
					AA273F4F1F03D1B2006923A6 = {
						CreatedOnToolsVersion = 8.3.3;
						DevelopmentTeam = 3D2GFZ7CZT;
						ProvisioningStyle = Automatic;
						TestTargetID = AA273F3B1F03D1B2006923A6;
					};
					AA273F5A1F03D1B2006923A6 = {
						CreatedOnToolsVersion = 8.3.3;
						DevelopmentTeam = 3D2GFZ7CZT;
						ProvisioningStyle = Automatic;
						TestTargetID = AA273F3B1F03D1B2006923A6;
					};
				};
			};
			buildConfigurationList = AA273F371F03D1B2006923A6 /* Build configuration list for PBXProject "Quiz" */;
			compatibilityVersion = "Xcode 3.2";
			developmentRegion = English;
			hasScannedForEncodings = 0;
			knownRegions = (
				en,
				Base,
			);
			mainGroup = AA273F331F03D1B2006923A6;
			productRefGroup = AA273F3D1F03D1B2006923A6 /* Products */;
			projectDirPath = "";
			projectRoot = "";
			targets = (
				AA273F3B1F03D1B2006923A6 /* Quiz */,
				AA273F4F1F03D1B2006923A6 /* QuizTests */,
				AA273F5A1F03D1B2006923A6 /* QuizUITests */,
			);
		};
/* End PBXProject section */

/* Begin PBXResourcesBuildPhase section */
		AA273F3A1F03D1B2006923A6 /* Resources */ = {
			isa = PBXResourcesBuildPhase;
			buildActionMask = 2147483647;
			files = (
				AA273F4A1F03D1B2006923A6 /* LaunchScreen.storyboard in Resources */,
				AA273F471F03D1B2006923A6 /* Assets.xcassets in Resources */,
				AA273F451F03D1B2006923A6 /* Main.storyboard in Resources */,
			);
			runOnlyForDeploymentPostprocessing = 0;
		};
		AA273F4E1F03D1B2006923A6 /* Resources */ = {
			isa = PBXResourcesBuildPhase;
			buildActionMask = 2147483647;
			files = (
			);
			runOnlyForDeploymentPostprocessing = 0;
		};
		AA273F591F03D1B2006923A6 /* Resources */ = {
			isa = PBXResourcesBuildPhase;
			buildActionMask = 2147483647;
			files = (
			);
			runOnlyForDeploymentPostprocessing = 0;
		};
/* End PBXResourcesBuildPhase section */

/* Begin PBXSourcesBuildPhase section */
		AA273F381F03D1B2006923A6 /* Sources */ = {
			isa = PBXSourcesBuildPhase;
			buildActionMask = 2147483647;
			files = (
				AA273F421F03D1B2006923A6 /* ViewController.swift in Sources */,
				AA273F401F03D1B2006923A6 /* AppDelegate.swift in Sources */,
			);
			runOnlyForDeploymentPostprocessing = 0;
		};
		AA273F4C1F03D1B2006923A6 /* Sources */ = {
			isa = PBXSourcesBuildPhase;
			buildActionMask = 2147483647;
			files = (
				AA273F551F03D1B2006923A6 /* QuizTests.swift in Sources */,
			);
			runOnlyForDeploymentPostprocessing = 0;
		};
		AA273F571F03D1B2006923A6 /* Sources */ = {
			isa = PBXSourcesBuildPhase;
			buildActionMask = 2147483647;
			files = (
				AA273F601F03D1B2006923A6 /* QuizUITests.swift in Sources */,
			);
			runOnlyForDeploymentPostprocessing = 0;
		};
/* End PBXSourcesBuildPhase section */

/* Begin PBXTargetDependency section */
		AA273F521F03D1B2006923A6 /* PBXTargetDependency */ = {
			isa = PBXTargetDependency;
			target = AA273F3B1F03D1B2006923A6 /* Quiz */;
			targetProxy = AA273F511F03D1B2006923A6 /* PBXContainerItemProxy */;
		};
		AA273F5D1F03D1B2006923A6 /* PBXTargetDependency */ = {
			isa = PBXTargetDependency;
			target = AA273F3B1F03D1B2006923A6 /* Quiz */;
			targetProxy = AA273F5C1F03D1B2006923A6 /* PBXContainerItemProxy */;
		};
/* End PBXTargetDependency section */

/* Begin PBXVariantGroup section */
		AA273F431F03D1B2006923A6 /* Main.storyboard */ = {
			isa = PBXVariantGroup;
			children = (
				AA273F441F03D1B2006923A6 /* Base */,
			);
			name = Main.storyboard;
			sourceTree = "<group>";
		};
		AA273F481F03D1B2006923A6 /* LaunchScreen.storyboard */ = {
			isa = PBXVariantGroup;
			children = (
				AA273F491F03D1B2006923A6 /* Base */,
			);
			name = LaunchScreen.storyboard;
			sourceTree = "<group>";
		};
/* End PBXVariantGroup section */

/* Begin XCBuildConfiguration section */
		AA273F621F03D1B2006923A6 /* Debug */ = {
			isa = XCBuildConfiguration;
			buildSettings = {
				ALWAYS_SEARCH_USER_PATHS = NO;
				CLANG_ANALYZER_NONNULL = YES;
				CLANG_ANALYZER_NUMBER_OBJECT_CONVERSION = YES_AGGRESSIVE;
				CLANG_CXX_LANGUAGE_STANDARD = "gnu++0x";
				CLANG_CXX_LIBRARY = "libc++";
				CLANG_ENABLE_MODULES = YES;
				CLANG_ENABLE_OBJC_ARC = YES;
				CLANG_WARN_BOOL_CONVERSION = YES;
				CLANG_WARN_CONSTANT_CONVERSION = YES;
				CLANG_WARN_DIRECT_OBJC_ISA_USAGE = YES_ERROR;
				CLANG_WARN_DOCUMENTATION_COMMENTS = YES;
				CLANG_WARN_EMPTY_BODY = YES;
				CLANG_WARN_ENUM_CONVERSION = YES;
				CLANG_WARN_INFINITE_RECURSION = YES;
				CLANG_WARN_INT_CONVERSION = YES;
				CLANG_WARN_OBJC_ROOT_CLASS = YES_ERROR;
				CLANG_WARN_SUSPICIOUS_MOVE = YES;
				CLANG_WARN_UNREACHABLE_CODE = YES;
				CLANG_WARN__DUPLICATE_METHOD_MATCH = YES;
				"CODE_SIGN_IDENTITY[sdk=iphoneos*]" = "iPhone Developer";
				COPY_PHASE_STRIP = NO;
				DEBUG_INFORMATION_FORMAT = dwarf;
				ENABLE_STRICT_OBJC_MSGSEND = YES;
				ENABLE_TESTABILITY = YES;
				GCC_C_LANGUAGE_STANDARD = gnu99;
				GCC_DYNAMIC_NO_PIC = NO;
				GCC_NO_COMMON_BLOCKS = YES;
				GCC_OPTIMIZATION_LEVEL = 0;
				GCC_PREPROCESSOR_DEFINITIONS = (
					"DEBUG=1",
					"$(inherited)",
				);
				GCC_WARN_64_TO_32_BIT_CONVERSION = YES;
				GCC_WARN_ABOUT_RETURN_TYPE = YES_ERROR;
				GCC_WARN_UNDECLARED_SELECTOR = YES;
				GCC_WARN_UNINITIALIZED_AUTOS = YES_AGGRESSIVE;
				GCC_WARN_UNUSED_FUNCTION = YES;
				GCC_WARN_UNUSED_VARIABLE = YES;
				IPHONEOS_DEPLOYMENT_TARGET = 10.3;
				MTL_ENABLE_DEBUG_INFO = YES;
				ONLY_ACTIVE_ARCH = YES;
				SDKROOT = iphoneos;
				SWIFT_ACTIVE_COMPILATION_CONDITIONS = DEBUG;
				SWIFT_OPTIMIZATION_LEVEL = "-Onone";
				TARGETED_DEVICE_FAMILY = "1,2";
			};
			name = Debug;
		};
		AA273F631F03D1B2006923A6 /* Release */ = {
			isa = XCBuildConfiguration;
			buildSettings = {
				ALWAYS_SEARCH_USER_PATHS = NO;
				CLANG_ANALYZER_NONNULL = YES;
				CLANG_ANALYZER_NUMBER_OBJECT_CONVERSION = YES_AGGRESSIVE;
				CLANG_CXX_LANGUAGE_STANDARD = "gnu++0x";
				CLANG_CXX_LIBRARY = "libc++";
				CLANG_ENABLE_MODULES = YES;
				CLANG_ENABLE_OBJC_ARC = YES;
				CLANG_WARN_BOOL_CONVERSION = YES;
				CLANG_WARN_CONSTANT_CONVERSION = YES;
				CLANG_WARN_DIRECT_OBJC_ISA_USAGE = YES_ERROR;
				CLANG_WARN_DOCUMENTATION_COMMENTS = YES;
				CLANG_WARN_EMPTY_BODY = YES;
				CLANG_WARN_ENUM_CONVERSION = YES;
				CLANG_WARN_INFINITE_RECURSION = YES;
				CLANG_WARN_INT_CONVERSION = YES;
				CLANG_WARN_OBJC_ROOT_CLASS = YES_ERROR;
				CLANG_WARN_SUSPICIOUS_MOVE = YES;
				CLANG_WARN_UNREACHABLE_CODE = YES;
				CLANG_WARN__DUPLICATE_METHOD_MATCH = YES;
				"CODE_SIGN_IDENTITY[sdk=iphoneos*]" = "iPhone Developer";
				COPY_PHASE_STRIP = NO;
				DEBUG_INFORMATION_FORMAT = "dwarf-with-dsym";
				ENABLE_NS_ASSERTIONS = NO;
				ENABLE_STRICT_OBJC_MSGSEND = YES;
				GCC_C_LANGUAGE_STANDARD = gnu99;
				GCC_NO_COMMON_BLOCKS = YES;
				GCC_WARN_64_TO_32_BIT_CONVERSION = YES;
				GCC_WARN_ABOUT_RETURN_TYPE = YES_ERROR;
				GCC_WARN_UNDECLARED_SELECTOR = YES;
				GCC_WARN_UNINITIALIZED_AUTOS = YES_AGGRESSIVE;
				GCC_WARN_UNUSED_FUNCTION = YES;
				GCC_WARN_UNUSED_VARIABLE = YES;
				IPHONEOS_DEPLOYMENT_TARGET = 10.3;
				MTL_ENABLE_DEBUG_INFO = NO;
				SDKROOT = iphoneos;
				SWIFT_OPTIMIZATION_LEVEL = "-Owholemodule";
				TARGETED_DEVICE_FAMILY = "1,2";
				VALIDATE_PRODUCT = YES;
			};
			name = Release;
		};
		AA273F651F03D1B2006923A6 /* Debug */ = {
			isa = XCBuildConfiguration;
			buildSettings = {
				ASSETCATALOG_COMPILER_APPICON_NAME = AppIcon;
				DEVELOPMENT_TEAM = 3D2GFZ7CZT;
				INFOPLIST_FILE = Quiz/Info.plist;
				LD_RUNPATH_SEARCH_PATHS = "$(inherited) @executable_path/Frameworks";
				PRODUCT_BUNDLE_IDENTIFIER = com.seoju.Quiz;
				PRODUCT_NAME = "$(TARGET_NAME)";
				SWIFT_VERSION = 3.0;
			};
			name = Debug;
		};
		AA273F661F03D1B2006923A6 /* Release */ = {
			isa = XCBuildConfiguration;
			buildSettings = {
				ASSETCATALOG_COMPILER_APPICON_NAME = AppIcon;
				DEVELOPMENT_TEAM = 3D2GFZ7CZT;
				INFOPLIST_FILE = Quiz/Info.plist;
				LD_RUNPATH_SEARCH_PATHS = "$(inherited) @executable_path/Frameworks";
				PRODUCT_BUNDLE_IDENTIFIER = com.seoju.Quiz;
				PRODUCT_NAME = "$(TARGET_NAME)";
				SWIFT_VERSION = 3.0;
			};
			name = Release;
		};
		AA273F681F03D1B2006923A6 /* Debug */ = {
			isa = XCBuildConfiguration;
			buildSettings = {
				ALWAYS_EMBED_SWIFT_STANDARD_LIBRARIES = YES;
				BUNDLE_LOADER = "$(TEST_HOST)";
				DEVELOPMENT_TEAM = 3D2GFZ7CZT;
				INFOPLIST_FILE = QuizTests/Info.plist;
				LD_RUNPATH_SEARCH_PATHS = "$(inherited) @executable_path/Frameworks @loader_path/Frameworks";
				PRODUCT_BUNDLE_IDENTIFIER = com.seoju.QuizTests;
				PRODUCT_NAME = "$(TARGET_NAME)";
				SWIFT_VERSION = 3.0;
				TEST_HOST = "$(BUILT_PRODUCTS_DIR)/Quiz.app/Quiz";
			};
			name = Debug;
		};
		AA273F691F03D1B2006923A6 /* Release */ = {
			isa = XCBuildConfiguration;
			buildSettings = {
				ALWAYS_EMBED_SWIFT_STANDARD_LIBRARIES = YES;
				BUNDLE_LOADER = "$(TEST_HOST)";
				DEVELOPMENT_TEAM = 3D2GFZ7CZT;
				INFOPLIST_FILE = QuizTests/Info.plist;
				LD_RUNPATH_SEARCH_PATHS = "$(inherited) @executable_path/Frameworks @loader_path/Frameworks";
				PRODUCT_BUNDLE_IDENTIFIER = com.seoju.QuizTests;
				PRODUCT_NAME = "$(TARGET_NAME)";
				SWIFT_VERSION = 3.0;
				TEST_HOST = "$(BUILT_PRODUCTS_DIR)/Quiz.app/Quiz";
			};
			name = Release;
		};
		AA273F6B1F03D1B2006923A6 /* Debug */ = {
			isa = XCBuildConfiguration;
			buildSettings = {
				ALWAYS_EMBED_SWIFT_STANDARD_LIBRARIES = YES;
				DEVELOPMENT_TEAM = 3D2GFZ7CZT;
				INFOPLIST_FILE = QuizUITests/Info.plist;
				LD_RUNPATH_SEARCH_PATHS = "$(inherited) @executable_path/Frameworks @loader_path/Frameworks";
				PRODUCT_BUNDLE_IDENTIFIER = com.seoju.QuizUITests;
				PRODUCT_NAME = "$(TARGET_NAME)";
				SWIFT_VERSION = 3.0;
				TEST_TARGET_NAME = Quiz;
			};
			name = Debug;
		};
		AA273F6C1F03D1B2006923A6 /* Release */ = {
			isa = XCBuildConfiguration;
			buildSettings = {
				ALWAYS_EMBED_SWIFT_STANDARD_LIBRARIES = YES;
				DEVELOPMENT_TEAM = 3D2GFZ7CZT;
				INFOPLIST_FILE = QuizUITests/Info.plist;
				LD_RUNPATH_SEARCH_PATHS = "$(inherited) @executable_path/Frameworks @loader_path/Frameworks";
				PRODUCT_BUNDLE_IDENTIFIER = com.seoju.QuizUITests;
				PRODUCT_NAME = "$(TARGET_NAME)";
				SWIFT_VERSION = 3.0;
				TEST_TARGET_NAME = Quiz;
			};
			name = Release;
		};
/* End XCBuildConfiguration section */

/* Begin XCConfigurationList section */
		AA273F371F03D1B2006923A6 /* Build configuration list for PBXProject "Quiz" */ = {
			isa = XCConfigurationList;
			buildConfigurations = (
				AA273F621F03D1B2006923A6 /* Debug */,
				AA273F631F03D1B2006923A6 /* Release */,
			);
			defaultConfigurationIsVisible = 0;
			defaultConfigurationName = Release;
		};
		AA273F641F03D1B2006923A6 /* Build configuration list for PBXNativeTarget "Quiz" */ = {
			isa = XCConfigurationList;
			buildConfigurations = (
				AA273F651F03D1B2006923A6 /* Debug */,
				AA273F661F03D1B2006923A6 /* Release */,
			);
			defaultConfigurationIsVisible = 0;
		};
		AA273F671F03D1B2006923A6 /* Build configuration list for PBXNativeTarget "QuizTests" */ = {
			isa = XCConfigurationList;
			buildConfigurations = (
				AA273F681F03D1B2006923A6 /* Debug */,
				AA273F691F03D1B2006923A6 /* Release */,
			);
			defaultConfigurationIsVisible = 0;
		};
		AA273F6A1F03D1B2006923A6 /* Build configuration list for PBXNativeTarget "QuizUITests" */ = {
			isa = XCConfigurationList;
			buildConfigurations = (
				AA273F6B1F03D1B2006923A6 /* Debug */,
				AA273F6C1F03D1B2006923A6 /* Release */,
			);
			defaultConfigurationIsVisible = 0;
		};
/* End XCConfigurationList section */
	};
	rootObject = AA273F341F03D1B2006923A6 /* Project object */;
}
